
Microsoft Visual Studio Solution File, Format Version 12.00
# Visual Studio Version 17
VisualStudioVersion = 17.9.34616.47
MinimumVisualStudioVersion = 10.0.40219.1
Project("{FAE04EC0-301F-11D3-BF4B-00C04F79EFBC}") = "Demo_Neporojnev", "Demo_Neporojnev\Demo_Neporojnev.csproj", "{229CB4B9-9E9C-49E5-B24C-DD6587F1BAD8}"
EndProject
Global
	GlobalSection(SolutionConfigurationPlatforms) = preSolution
		Debug|Any CPU = Debug|Any CPU
		Release|Any CPU = Release|Any CPU
	EndGlobalSection
	GlobalSection(ProjectConfigurationPlatforms) = postSolution
		{229CB4B9-9E9C-49E5-B24C-DD6587F1BAD8}.Debug|Any CPU.ActiveCfg = Debug|Any CPU
		{229CB4B9-9E9C-49E5-B24C-DD6587F1BAD8}.Debug|Any CPU.Build.0 = Debug|Any CPU
		{229CB4B9-9E9C-49E5-B24C-DD6587F1BAD8}.Release|Any CPU.ActiveCfg = Release|Any CPU
		{229CB4B9-9E9C-49E5-B24C-DD6587F1BAD8}.Release|Any CPU.Build.0 = Release|Any CPU
	EndGlobalSection
	GlobalSection(SolutionProperties) = preSolution
		HideSolutionNode = FALSE
	EndGlobalSection
	GlobalSection(ExtensibilityGlobals) = postSolution
		SolutionGuid = {FD57027E-A47C-420E-9FA7-45B401C1319B}
	EndGlobalSection
EndGlobal
